
Microsoft Visual Studio Solution File, Format Version 12.00
# Visual Studio Version 16
VisualStudioVersion = 16.0.31702.278
MinimumVisualStudioVersion = 10.0.40219.1
Project("{FAE04EC0-301F-11D3-BF4B-00C04F79EFBC}") = "BPS0026_MVC_WEB", "BPS0026_MVC_WEB\BPS0026_MVC_WEB.csproj", "{8095924F-7EFB-4AD7-BE8E-209A13B77040}"
EndProject
Global
	GlobalSection(SolutionConfigurationPlatforms) = preSolution
		Debug|Any CPU = Debug|Any CPU
		Release|Any CPU = Release|Any CPU
	EndGlobalSection
	GlobalSection(ProjectConfigurationPlatforms) = postSolution
		{8095924F-7EFB-4AD7-BE8E-209A13B77040}.Debug|Any CPU.ActiveCfg = Debug|Any CPU
		{8095924F-7EFB-4AD7-BE8E-209A13B77040}.Debug|Any CPU.Build.0 = Debug|Any CPU
		{8095924F-7EFB-4AD7-BE8E-209A13B77040}.Release|Any CPU.ActiveCfg = Release|Any CPU
		{8095924F-7EFB-4AD7-BE8E-209A13B77040}.Release|Any CPU.Build.0 = Release|Any CPU
	EndGlobalSection
	GlobalSection(SolutionProperties) = preSolution
		HideSolutionNode = FALSE
	EndGlobalSection
	GlobalSection(ExtensibilityGlobals) = postSolution
		SolutionGuid = {2C4DD055-D9A0-4B9A-817E-871DB8D5DC85}
	EndGlobalSection
EndGlobal
